# THIS IS AN AUTOGENERATED FILE. DO NOT EDIT THIS FILE DIRECTLY.
# yarn lockfile v1
amdefine@>=0.0.4:
  version "1.0.0"
  resolved "https://registry.yarnpkg.com/amdefine/-/amdefine-1.0.0.tgz#fd17474700cb5cc9c2b709f0be9d23ce3c198c33"

async@~0.2.6:
  version "0.2.10"
  resolved "https://registry.yarnpkg.com/async/-/async-0.2.10.tgz#b6bbe0b0674b9d719708ca38de8c237cb526c3d1"

big.js@^3.1.3:
  version "3.1.3"
  resolved "https://registry.yarnpkg.com/big.js/-/big.js-3.1.3.tgz#4cada2193652eb3ca9ec8e55c9015669c9806978"

deep-is@~0.1.3:
  version "0.1.3"
  resolved "https://registry.yarnpkg.com/deep-is/-/deep-is-0.1.3.tgz#b369d6fb5dbc13eecf524f91b070feedc357cf34"

emojis-list@^2.0.0:
  version "2.1.0"
  resolved "https://registry.yarnpkg.com/emojis-list/-/emojis-list-2.1.0.tgz#4daa4d9db00f9819880c79fa457ae5b09a1fd389"

fast-levenshtein@~2.0.4:
  version "2.0.5"
  resolved "https://registry.yarnpkg.com/fast-levenshtein/-/fast-levenshtein-2.0.5.tgz#bd33145744519ab1c36c3ee9f31f08e9079b67f2"

json5@^0.5.0:
  version "0.5.0"
  resolved "https://registry.yarnpkg.com/json5/-/json5-0.5.0.tgz#9b20715b026cbe3778fd769edccd822d8332a5b2"

levn@~0.3.0:
  version "0.3.0"
  resolved "https://registry.yarnpkg.com/levn/-/levn-0.3.0.tgz#3b09924edf9f083c0490fdd4c0bc4421e04764ee"
  dependencies:
    prelude-ls "~1.1.2"
    type-check "~0.3.2"

livescript, livescript@^1.4.0:
  version "1.5.0"
  resolved "https://registry.yarnpkg.com/livescript/-/livescript-1.5.0.tgz#4fe7121c41217e4608e334eb9cbe1762e63e5566"
  dependencies:
    optionator "~0.8.1"
    prelude-ls "~1.1.2"
    source-map "^0.5.6"

livescript-loader:
  version "0.1.6"
  resolved "https://registry.yarnpkg.com/livescript-loader/-/livescript-loader-0.1.6.tgz#ea80e6ab9a41f330d11000001999eec675cdf755"
  dependencies:
    livescript "^1.4.0"
    loader-utils "0.2.x"

loader-utils@0.2.x:
  version "0.2.16"
  resolved "https://registry.yarnpkg.com/loader-utils/-/loader-utils-0.2.16.tgz#f08632066ed8282835dff88dfb52704765adee6d"
  dependencies:
    big.js "^3.1.3"
    emojis-list "^2.0.0"
    json5 "^0.5.0"
    object-assign "^4.0.1"

object-assign@^4.0.1:
  version "4.1.0"
  resolved "https://registry.yarnpkg.com/object-assign/-/object-assign-4.1.0.tgz#7a3b3d0e98063d43f4c03f2e8ae6cd51a86883a0"

optionator@~0.8.1:
  version "0.8.2"
  resolved "https://registry.yarnpkg.com/optionator/-/optionator-0.8.2.tgz#364c5e409d3f4d6301d6c0b4c05bba50180aeb64"
  dependencies:
    deep-is "~0.1.3"
    fast-levenshtein "~2.0.4"
    levn "~0.3.0"
    prelude-ls "~1.1.2"
    type-check "~0.3.2"
    wordwrap "~1.0.0"

prelude-ls@~1.1.2:
  version "1.1.2"
  resolved "https://registry.yarnpkg.com/prelude-ls/-/prelude-ls-1.1.2.tgz#21932a549f5e52ffd9a827f570e04be62a97da54"

source-map@^0.5.6:
  version "0.5.6"
  resolved "https://registry.yarnpkg.com/source-map/-/source-map-0.5.6.tgz#75ce38f52bf0733c5a7f0c118d81334a2bb5f412"

source-map@0.1.34:
  version "0.1.34"
  resolved "https://registry.yarnpkg.com/source-map/-/source-map-0.1.34.tgz#a7cfe89aec7b1682c3b198d0acfb47d7d090566b"
  dependencies:
    amdefine ">=0.0.4"

type-check@~0.3.2:
  version "0.3.2"
  resolved "https://registry.yarnpkg.com/type-check/-/type-check-0.3.2.tgz#5884cab512cf1d355e3fb784f30804b2b520db72"
  dependencies:
    prelude-ls "~1.1.2"

uglify-to-browserify@~1.0.0:
  version "1.0.2"
  resolved "https://registry.yarnpkg.com/uglify-to-browserify/-/uglify-to-browserify-1.0.2.tgz#6e0924d6bda6b5afe349e39a6d632850a0f882b7"

uglifyjs:
  version "2.4.10"
  resolved "https://registry.yarnpkg.com/uglifyjs/-/uglifyjs-2.4.10.tgz#632927319fa6a3da3fc91f9773ac27bfe6c3ee92"
  dependencies:
    async "~0.2.6"
    source-map "0.1.34"
    uglify-to-browserify "~1.0.0"
    yargs "~1.3.3"

wordwrap@~1.0.0:
  version "1.0.0"
  resolved "https://registry.yarnpkg.com/wordwrap/-/wordwrap-1.0.0.tgz#27584810891456a4171c8d0226441ade90cbcaeb"

yargs@~1.3.3:
  version "1.3.3"
  resolved "https://registry.yarnpkg.com/yargs/-/yargs-1.3.3.tgz#054de8b61f22eefdb7207059eaef9d6b83fb931a"

